
Microsoft Visual Studio Solution File, Format Version 12.00
# Visual Studio Version 16
VisualStudioVersion = 16.0.29409.12
MinimumVisualStudioVersion = 10.0.40219.1
Project("{9A19103F-16F7-4668-BE54-9A1E7A4F7556}") = "TheoryForums.Server", "TheoryForums.Server\TheoryForums.Server.csproj", "{4B0C47F4-46E7-4C73-B245-38FC6A60A68C}"
EndProject
Project("{9A19103F-16F7-4668-BE54-9A1E7A4F7556}") = "TheoryForums.Shared", "TheoryForums.Shared\TheoryForums.Shared.csproj", "{E2AFD497-054A-4537-A060-9DEAFFD52C33}"
EndProject
Project("{FAE04EC0-301F-11D3-BF4B-00C04F79EFBC}") = "TheorySlugify", "TheorySlugify\TheorySlugify.csproj", "{920E0897-C353-41A7-A5F4-4F31537EAEC6}"
EndProject
Global
	GlobalSection(SolutionConfigurationPlatforms) = preSolution
		Debug|Any CPU = Debug|Any CPU
		Release|Any CPU = Release|Any CPU
	EndGlobalSection
	GlobalSection(ProjectConfigurationPlatforms) = postSolution
		{4B0C47F4-46E7-4C73-B245-38FC6A60A68C}.Debug|Any CPU.ActiveCfg = Debug|Any CPU
		{4B0C47F4-46E7-4C73-B245-38FC6A60A68C}.Debug|Any CPU.Build.0 = Debug|Any CPU
		{4B0C47F4-46E7-4C73-B245-38FC6A60A68C}.Release|Any CPU.ActiveCfg = Release|Any CPU
		{4B0C47F4-46E7-4C73-B245-38FC6A60A68C}.Release|Any CPU.Build.0 = Release|Any CPU
		{E2AFD497-054A-4537-A060-9DEAFFD52C33}.Debug|Any CPU.ActiveCfg = Debug|Any CPU
		{E2AFD497-054A-4537-A060-9DEAFFD52C33}.Debug|Any CPU.Build.0 = Debug|Any CPU
		{E2AFD497-054A-4537-A060-9DEAFFD52C33}.Release|Any CPU.ActiveCfg = Release|Any CPU
		{E2AFD497-054A-4537-A060-9DEAFFD52C33}.Release|Any CPU.Build.0 = Release|Any CPU
		{920E0897-C353-41A7-A5F4-4F31537EAEC6}.Debug|Any CPU.ActiveCfg = Debug|Any CPU
		{920E0897-C353-41A7-A5F4-4F31537EAEC6}.Debug|Any CPU.Build.0 = Debug|Any CPU
		{920E0897-C353-41A7-A5F4-4F31537EAEC6}.Release|Any CPU.ActiveCfg = Release|Any CPU
		{920E0897-C353-41A7-A5F4-4F31537EAEC6}.Release|Any CPU.Build.0 = Release|Any CPU
	EndGlobalSection
	GlobalSection(SolutionProperties) = preSolution
		HideSolutionNode = FALSE
	EndGlobalSection
	GlobalSection(ExtensibilityGlobals) = postSolution
		SolutionGuid = {5AC8907B-A859-4C39-BC3A-50FFAF0039E7}
	EndGlobalSection
EndGlobal
